dependencies:
- name: redis
  repository: https://charts.bitnami.com/bitnami
  version: 18.6.0
- name: elasticsearch
  repository: https://charts.bitnami.com/bitnami
  version: 19.17.0
digest: sha256:771c704bf76103704414f02a1f2b8bbec12026651148ed4c0b449a9b79b58465
generated: "2025-10-29T23:39:49.562619311+01:00"
